<?xml version="1.0" encoding="utf-8"?>
<Project ToolsVersion="4.0" xmlns="http://schemas.microsoft.com/developer/msbuild/2003">
  <ItemGroup>
    <Filter Include="Source Files">
      <UniqueIdentifier>{4FC737F1-C7A5-4376-A066-2A32D752A2FF}</UniqueIdentifier>
      <Extensions>cpp;c;cc;cxx;def;odl;idl;hpj;bat;asm;asmx</Extensions>
    </Filter>
    <Filter Include="Header Files">
      <UniqueIdentifier>{93995380-89BD-4b04-88EB-625FBE52EBFB}</UniqueIdentifier>
      <Extensions>h;hh;hpp;hxx;hm;inl;inc;xsd</Extensions>
    </Filter>
    <Filter Include="Resource Files">
      <UniqueIdentifier>{67DA6AB6-F800-4c08-8B7A-83BB121AAD01}</UniqueIdentifier>
      <Extensions>rc;ico;cur;bmp;dlg;rc2;rct;bin;rgs;gif;jpg;jpeg;jpe;resx;tiff;tif;png;wav;mfcribbon-ms</Extensions>
    </Filter>
    <Filter Include="Header Files\MediumProblems">
      <UniqueIdentifier>{fdcc4935-c2a2-4384-8341-a863dbd880a2}</UniqueIdentifier>
    </Filter>
    <Filter Include="Header Files\EasyProblems">
      <UniqueIdentifier>{bea8e3e7-e44f-43ae-a16f-faf53f09771c}</UniqueIdentifier>
    </Filter>
    <Filter Include="Header Files\MediumProblems\ABBA">
      <UniqueIdentifier>{7a97fa64-94f2-4924-99e2-138bf9624868}</UniqueIdentifier>
    </Filter>
    <Filter Include="Header Files\EasyProblems\AB">
      <UniqueIdentifier>{13a77dd5-5583-4e12-af28-9652e13f91e0}</UniqueIdentifier>
    </Filter>
    <Filter Include="Header Files\EasyProblems\ABBADiv1">
      <UniqueIdentifier>{499212ba-7a49-4a85-9627-00f00ca8da7f}</UniqueIdentifier>
    </Filter>
  </ItemGroup>
  <ItemGroup>
    <ClInclude Include="stdafx.h">
      <Filter>Header Files</Filter>
    </ClInclude>
    <ClInclude Include="targetver.h">
      <Filter>Header Files</Filter>
    </ClInclude>
    <ClInclude Include="ABBA.h">
      <Filter>Header Files\MediumProblems\ABBA</Filter>
    </ClInclude>
    <ClInclude Include="..\..\..\..\..\Desktop\EasyProblems\AB\AB.h">
      <Filter>Header Files\EasyProblems\AB</Filter>
    </ClInclude>
    <ClInclude Include="..\..\..\..\..\Desktop\EasyProblems\ABBADiv1\ABBADiv1.h">
      <Filter>Header Files\EasyProblems\ABBADiv1</Filter>
    </ClInclude>
  </ItemGroup>
  <ItemGroup>
    <ClCompile Include="stdafx.cpp">
      <Filter>Source Files</Filter>
    </ClCompile>
    <ClCompile Include="TopCoder.cpp">
      <Filter>Source Files</Filter>
    </ClCompile>
  </ItemGroup>
  <ItemGroup>
    <Text Include="readme.txt">
      <Filter>Header Files\MediumProblems\ABBA</Filter>
    </Text>
    <Text Include="..\topcoder2\easyproblems\ab\readme.txt">
      <Filter>Header Files\EasyProblems\AB</Filter>
    </Text>
    <Text Include="..\topcoder2\easyproblems\abbadiv1\readme.txt">
      <Filter>Header Files\EasyProblems\ABBADiv1</Filter>
    </Text>
  </ItemGroup>
</Project>